
Microsoft Visual Studio Solution File, Format Version 12.00
# Visual Studio Version 17
VisualStudioVersion = 17.4.33103.184
MinimumVisualStudioVersion = 10.0.40219.1
Project("{FAE04EC0-301F-11D3-BF4B-00C04F79EFBC}") = "EFCoreInMemoryDemo", "EFCoreInMemoryDemo\EFCoreInMemoryDemo.csproj", "{293FA23D-A607-4C0E-B0E7-D01B1E33E3BF}"
EndProject
Global
	GlobalSection(SolutionConfigurationPlatforms) = preSolution
		Debug|Any CPU = Debug|Any CPU
		Release|Any CPU = Release|Any CPU
	EndGlobalSection
	GlobalSection(ProjectConfigurationPlatforms) = postSolution
		{293FA23D-A607-4C0E-B0E7-D01B1E33E3BF}.Debug|Any CPU.ActiveCfg = Debug|Any CPU
		{293FA23D-A607-4C0E-B0E7-D01B1E33E3BF}.Debug|Any CPU.Build.0 = Debug|Any CPU
		{293FA23D-A607-4C0E-B0E7-D01B1E33E3BF}.Release|Any CPU.ActiveCfg = Release|Any CPU
		{293FA23D-A607-4C0E-B0E7-D01B1E33E3BF}.Release|Any CPU.Build.0 = Release|Any CPU
	EndGlobalSection
	GlobalSection(SolutionProperties) = preSolution
		HideSolutionNode = FALSE
	EndGlobalSection
	GlobalSection(ExtensibilityGlobals) = postSolution
		SolutionGuid = {E02B5A7C-A2E5-4DB7-97F2-98BE70D63081}
	EndGlobalSection
EndGlobal
